
Microsoft Visual Studio Solution File, Format Version 12.00
Project("{FAE04EC0-301F-11D3-BF4B-00C04F79EFBC}") = "ObjectStorage", "ObjectStorage\ObjectStorage.csproj", "{8C0706BD-D429-4F34-9BD6-98FEA5617278}"
EndProject
Global
	GlobalSection(SolutionConfigurationPlatforms) = preSolution
		Debug|Any CPU = Debug|Any CPU
		Release|Any CPU = Release|Any CPU
	EndGlobalSection
	GlobalSection(ProjectConfigurationPlatforms) = postSolution
		{8C0706BD-D429-4F34-9BD6-98FEA5617278}.Debug|Any CPU.ActiveCfg = Debug|Any CPU
		{8C0706BD-D429-4F34-9BD6-98FEA5617278}.Debug|Any CPU.Build.0 = Debug|Any CPU
		{8C0706BD-D429-4F34-9BD6-98FEA5617278}.Release|Any CPU.ActiveCfg = Release|Any CPU
		{8C0706BD-D429-4F34-9BD6-98FEA5617278}.Release|Any CPU.Build.0 = Release|Any CPU
	EndGlobalSection
EndGlobal
